// !$*UTF8*$!
{
	archiveVersion = 1;
	classes = {
	};
	objectVersion = 51;
	objects = {

/* Begin PBXBuildFile section */
		07CF7131CD1FCD9269C04286 /* Pods_chirp_chirp.framework in Frameworks */ = {isa = PBXBuildFile; fileRef = F42F64E5BE09329060A9E846 /* Pods_chirp_chirp.framework */; };
		1594D0ED239BE9970073CC84 /* AppDelegate.swift in Sources */ = {isa = PBXBuildFile; fileRef = 1594D0EC239BE9970073CC84 /* AppDelegate.swift */; };
		1594D0EF239BE9970073CC84 /* SceneDelegate.swift in Sources */ = {isa = PBXBuildFile; fileRef = 1594D0EE239BE9970073CC84 /* SceneDelegate.swift */; };
		1594D0F1239BE9970073CC84 /* ContentView.swift in Sources */ = {isa = PBXBuildFile; fileRef = 1594D0F0239BE9970073CC84 /* ContentView.swift */; };
		1594D0F3239BE9970073CC84 /* Assets.xcassets in Resources */ = {isa = PBXBuildFile; fileRef = 1594D0F2239BE9970073CC84 /* Assets.xcassets */; };
		1594D0F6239BE9970073CC84 /* Preview Assets.xcassets in Resources */ = {isa = PBXBuildFile; fileRef = 1594D0F5239BE9970073CC84 /* Preview Assets.xcassets */; };
		1594D0F9239BE9970073CC84 /* LaunchScreen.storyboard in Resources */ = {isa = PBXBuildFile; fileRef = 1594D0F7239BE9970073CC84 /* LaunchScreen.storyboard */; };
		1594D104239BE9980073CC84 /* chirp_chirpTests.swift in Sources */ = {isa = PBXBuildFile; fileRef = 1594D103239BE9980073CC84 /* chirp_chirpTests.swift */; };
		1594D10F239BE9980073CC84 /* chirp_chirpUITests.swift in Sources */ = {isa = PBXBuildFile; fileRef = 1594D10E239BE9980073CC84 /* chirp_chirpUITests.swift */; };
		15DD990A23E4CCBC00D5E717 /* AudioRecorder.swift in Sources */ = {isa = PBXBuildFile; fileRef = 15DD990923E4CCBC00D5E717 /* AudioRecorder.swift */; };
		15DD990C23E4D05B00D5E717 /* RecordingListView.swift in Sources */ = {isa = PBXBuildFile; fileRef = 15DD990B23E4D05B00D5E717 /* RecordingListView.swift */; };
		15DD990E23E4D33800D5E717 /* Extensions+Date.swift in Sources */ = {isa = PBXBuildFile; fileRef = 15DD990D23E4D33800D5E717 /* Extensions+Date.swift */; };
		15DD991023E4D8C900D5E717 /* Recording.swift in Sources */ = {isa = PBXBuildFile; fileRef = 15DD990F23E4D8C900D5E717 /* Recording.swift */; };
		15DD991223E4DD3B00D5E717 /* AudioPlayer.swift in Sources */ = {isa = PBXBuildFile; fileRef = 15DD991123E4DD3B00D5E717 /* AudioPlayer.swift */; };
		15F47DAD23F374F300807BFB /* APIService.swift in Sources */ = {isa = PBXBuildFile; fileRef = 15F47DAC23F374F300807BFB /* APIService.swift */; };
/* End PBXBuildFile section */

/* Begin PBXContainerItemProxy section */
		1594D100239BE9980073CC84 /* PBXContainerItemProxy */ = {
			isa = PBXContainerItemProxy;
			containerPortal = 1594D0E1239BE9970073CC84 /* Project object */;
			proxyType = 1;
			remoteGlobalIDString = 1594D0E8239BE9970073CC84;
			remoteInfo = "chirp-chirp";
		};
		1594D10B239BE9980073CC84 /* PBXContainerItemProxy */ = {
			isa = PBXContainerItemProxy;
			containerPortal = 1594D0E1239BE9970073CC84 /* Project object */;
			proxyType = 1;
			remoteGlobalIDString = 1594D0E8239BE9970073CC84;
			remoteInfo = "chirp-chirp";
		};
/* End PBXContainerItemProxy section */

/* Begin PBXFileReference section */
		1594D0E9239BE9970073CC84 /* chirp-chirp.app */ = {isa = PBXFileReference; explicitFileType = wrapper.application; includeInIndex = 0; path = "chirp-chirp.app"; sourceTree = BUILT_PRODUCTS_DIR; };
		1594D0EC239BE9970073CC84 /* AppDelegate.swift */ = {isa = PBXFileReference; lastKnownFileType = sourcecode.swift; path = AppDelegate.swift; sourceTree = "<group>"; };
		1594D0EE239BE9970073CC84 /* SceneDelegate.swift */ = {isa = PBXFileReference; lastKnownFileType = sourcecode.swift; path = SceneDelegate.swift; sourceTree = "<group>"; };
		1594D0F0239BE9970073CC84 /* ContentView.swift */ = {isa = PBXFileReference; lastKnownFileType = sourcecode.swift; path = ContentView.swift; sourceTree = "<group>"; };
		1594D0F2239BE9970073CC84 /* Assets.xcassets */ = {isa = PBXFileReference; lastKnownFileType = folder.assetcatalog; path = Assets.xcassets; sourceTree = "<group>"; };
		1594D0F5239BE9970073CC84 /* Preview Assets.xcassets */ = {isa = PBXFileReference; lastKnownFileType = folder.assetcatalog; path = "Preview Assets.xcassets"; sourceTree = "<group>"; };
		1594D0F8239BE9970073CC84 /* Base */ = {isa = PBXFileReference; lastKnownFileType = file.storyboard; name = Base; path = Base.lproj/LaunchScreen.storyboard; sourceTree = "<group>"; };
		1594D0FA239BE9970073CC84 /* Info.plist */ = {isa = PBXFileReference; lastKnownFileType = text.plist.xml; path = Info.plist; sourceTree = "<group>"; };
		1594D0FF239BE9980073CC84 /* chirp-chirpTests.xctest */ = {isa = PBXFileReference; explicitFileType = wrapper.cfbundle; includeInIndex = 0; path = "chirp-chirpTests.xctest"; sourceTree = BUILT_PRODUCTS_DIR; };
		1594D103239BE9980073CC84 /* chirp_chirpTests.swift */ = {isa = PBXFileReference; lastKnownFileType = sourcecode.swift; path = chirp_chirpTests.swift; sourceTree = "<group>"; };
		1594D105239BE9980073CC84 /* Info.plist */ = {isa = PBXFileReference; lastKnownFileType = text.plist.xml; path = Info.plist; sourceTree = "<group>"; };
		1594D10A239BE9980073CC84 /* chirp-chirpUITests.xctest */ = {isa = PBXFileReference; explicitFileType = wrapper.cfbundle; includeInIndex = 0; path = "chirp-chirpUITests.xctest"; sourceTree = BUILT_PRODUCTS_DIR; };
		1594D10E239BE9980073CC84 /* chirp_chirpUITests.swift */ = {isa = PBXFileReference; lastKnownFileType = sourcecode.swift; path = chirp_chirpUITests.swift; sourceTree = "<group>"; };
		1594D110239BE9980073CC84 /* Info.plist */ = {isa = PBXFileReference; lastKnownFileType = text.plist.xml; path = Info.plist; sourceTree = "<group>"; };
		15DD990923E4CCBC00D5E717 /* AudioRecorder.swift */ = {isa = PBXFileReference; lastKnownFileType = sourcecode.swift; path = AudioRecorder.swift; sourceTree = "<group>"; };
		15DD990B23E4D05B00D5E717 /* RecordingListView.swift */ = {isa = PBXFileReference; lastKnownFileType = sourcecode.swift; path = RecordingListView.swift; sourceTree = "<group>"; };
		15DD990D23E4D33800D5E717 /* Extensions+Date.swift */ = {isa = PBXFileReference; lastKnownFileType = sourcecode.swift; path = "Extensions+Date.swift"; sourceTree = "<group>"; };
		15DD990F23E4D8C900D5E717 /* Recording.swift */ = {isa = PBXFileReference; lastKnownFileType = sourcecode.swift; path = Recording.swift; sourceTree = "<group>"; };
		15DD991123E4DD3B00D5E717 /* AudioPlayer.swift */ = {isa = PBXFileReference; lastKnownFileType = sourcecode.swift; path = AudioPlayer.swift; sourceTree = "<group>"; };
		15F47DAC23F374F300807BFB /* APIService.swift */ = {isa = PBXFileReference; lastKnownFileType = sourcecode.swift; path = APIService.swift; sourceTree = "<group>"; };
		3F9D120157CC99EE6A7661E4 /* Pods-chirp-chirp.debug.xcconfig */ = {isa = PBXFileReference; includeInIndex = 1; lastKnownFileType = text.xcconfig; name = "Pods-chirp-chirp.debug.xcconfig"; path = "Target Support Files/Pods-chirp-chirp/Pods-chirp-chirp.debug.xcconfig"; sourceTree = "<group>"; };
		48A8B6C707CF50F888DCD229 /* Pods-chirp-chirp.release.xcconfig */ = {isa = PBXFileReference; includeInIndex = 1; lastKnownFileType = text.xcconfig; name = "Pods-chirp-chirp.release.xcconfig"; path = "Target Support Files/Pods-chirp-chirp/Pods-chirp-chirp.release.xcconfig"; sourceTree = "<group>"; };
		F42F64E5BE09329060A9E846 /* Pods_chirp_chirp.framework */ = {isa = PBXFileReference; explicitFileType = wrapper.framework; includeInIndex = 0; path = Pods_chirp_chirp.framework; sourceTree = BUILT_PRODUCTS_DIR; };
/* End PBXFileReference section */

/* Begin PBXFrameworksBuildPhase section */
		1594D0E6239BE9970073CC84 /* Frameworks */ = {
			isa = PBXFrameworksBuildPhase;
			buildActionMask = 2147483647;
			files = (
				07CF7131CD1FCD9269C04286 /* Pods_chirp_chirp.framework in Frameworks */,
			);
			runOnlyForDeploymentPostprocessing = 0;
		};
		1594D0FC239BE9980073CC84 /* Frameworks */ = {
			isa = PBXFrameworksBuildPhase;
			buildActionMask = 2147483647;
			files = (
			);
			runOnlyForDeploymentPostprocessing = 0;
		};
		1594D107239BE9980073CC84 /* Frameworks */ = {
			isa = PBXFrameworksBuildPhase;
			buildActionMask = 2147483647;
			files = (
			);
			runOnlyForDeploymentPostprocessing = 0;
		};
/* End PBXFrameworksBuildPhase section */

/* Begin PBXGroup section */
		039738AFADE33174B6B0F904 /* Pods */ = {
			isa = PBXGroup;
			children = (
				3F9D120157CC99EE6A7661E4 /* Pods-chirp-chirp.debug.xcconfig */,
				48A8B6C707CF50F888DCD229 /* Pods-chirp-chirp.release.xcconfig */,
			);
			path = Pods;
			sourceTree = "<group>";
		};
		04ABBA895965E8FB9A64537B /* Frameworks */ = {
			isa = PBXGroup;
			children = (
				F42F64E5BE09329060A9E846 /* Pods_chirp_chirp.framework */,
			);
			name = Frameworks;
			sourceTree = "<group>";
		};
		1594D0E0239BE9970073CC84 = {
			isa = PBXGroup;
			children = (
				1594D0EB239BE9970073CC84 /* chirp-chirp */,
				1594D102239BE9980073CC84 /* chirp-chirpTests */,
				1594D10D239BE9980073CC84 /* chirp-chirpUITests */,
				1594D0EA239BE9970073CC84 /* Products */,
				039738AFADE33174B6B0F904 /* Pods */,
				04ABBA895965E8FB9A64537B /* Frameworks */,
			);
			sourceTree = "<group>";
		};
		1594D0EA239BE9970073CC84 /* Products */ = {
			isa = PBXGroup;
			children = (
				1594D0E9239BE9970073CC84 /* chirp-chirp.app */,
				1594D0FF239BE9980073CC84 /* chirp-chirpTests.xctest */,
				1594D10A239BE9980073CC84 /* chirp-chirpUITests.xctest */,
			);
			name = Products;
			sourceTree = "<group>";
		};
		1594D0EB239BE9970073CC84 /* chirp-chirp */ = {
			isa = PBXGroup;
			children = (
				1594D0EC239BE9970073CC84 /* AppDelegate.swift */,
				1594D0EE239BE9970073CC84 /* SceneDelegate.swift */,
				15DD991423E502A500D5E717 /* Views */,
				15DD991323E5026900D5E717 /* Audio */,
				15F47DAE23F3768E00807BFB /* Service */,
				15DD991623E5033D00D5E717 /* Extensions */,
				1594D0F2239BE9970073CC84 /* Assets.xcassets */,
				1594D0F7239BE9970073CC84 /* LaunchScreen.storyboard */,
				1594D0FA239BE9970073CC84 /* Info.plist */,
				1594D0F4239BE9970073CC84 /* Preview Content */,
			);
			path = "chirp-chirp";
			sourceTree = "<group>";
		};
		1594D0F4239BE9970073CC84 /* Preview Content */ = {
			isa = PBXGroup;
			children = (
				1594D0F5239BE9970073CC84 /* Preview Assets.xcassets */,
			);
			path = "Preview Content";
			sourceTree = "<group>";
		};
		1594D102239BE9980073CC84 /* chirp-chirpTests */ = {
			isa = PBXGroup;
			children = (
				1594D103239BE9980073CC84 /* chirp_chirpTests.swift */,
				1594D105239BE9980073CC84 /* Info.plist */,
			);
			path = "chirp-chirpTests";
			sourceTree = "<group>";
		};
		1594D10D239BE9980073CC84 /* chirp-chirpUITests */ = {
			isa = PBXGroup;
			children = (
				1594D10E239BE9980073CC84 /* chirp_chirpUITests.swift */,
				1594D110239BE9980073CC84 /* Info.plist */,
			);
			path = "chirp-chirpUITests";
			sourceTree = "<group>";
		};
		15DD991323E5026900D5E717 /* Audio */ = {
			isa = PBXGroup;
			children = (
				15DD990923E4CCBC00D5E717 /* AudioRecorder.swift */,
				15DD990F23E4D8C900D5E717 /* Recording.swift */,
				15DD991123E4DD3B00D5E717 /* AudioPlayer.swift */,
			);
			path = Audio;
			sourceTree = "<group>";
		};
		15DD991423E502A500D5E717 /* Views */ = {
			isa = PBXGroup;
			children = (
				1594D0F0239BE9970073CC84 /* ContentView.swift */,
				15DD990B23E4D05B00D5E717 /* RecordingListView.swift */,
			);
			path = Views;
			sourceTree = "<group>";
		};
		15DD991623E5033D00D5E717 /* Extensions */ = {
			isa = PBXGroup;
			children = (
				15DD990D23E4D33800D5E717 /* Extensions+Date.swift */,
			);
			path = Extensions;
			sourceTree = "<group>";
		};
		15F47DAE23F3768E00807BFB /* Service */ = {
			isa = PBXGroup;
			children = (
				15F47DAC23F374F300807BFB /* APIService.swift */,
			);
			path = Service;
			sourceTree = "<group>";
		};
/* End PBXGroup section */

/* Begin PBXNativeTarget section */
		1594D0E8239BE9970073CC84 /* chirp-chirp */ = {
			isa = PBXNativeTarget;
			buildConfigurationList = 1594D113239BE9980073CC84 /* Build configuration list for PBXNativeTarget "chirp-chirp" */;
			buildPhases = (
				9D7C678A5FC39A833BEA22EB /* [CP] Check Pods Manifest.lock */,
				1594D0E5239BE9970073CC84 /* Sources */,
				1594D0E6239BE9970073CC84 /* Frameworks */,
				1594D0E7239BE9970073CC84 /* Resources */,
				2A9D114A4C9C7DA7440F36E8 /* [CP] Embed Pods Frameworks */,
			);
			buildRules = (
			);
			dependencies = (
			);
			name = "chirp-chirp";
			productName = "chirp-chirp";
			productReference = 1594D0E9239BE9970073CC84 /* chirp-chirp.app */;
			productType = "com.apple.product-type.application";
		};
		1594D0FE239BE9980073CC84 /* chirp-chirpTests */ = {
			isa = PBXNativeTarget;
			buildConfigurationList = 1594D116239BE9980073CC84 /* Build configuration list for PBXNativeTarget "chirp-chirpTests" */;
			buildPhases = (
				1594D0FB239BE9980073CC84 /* Sources */,
				1594D0FC239BE9980073CC84 /* Frameworks */,
				1594D0FD239BE9980073CC84 /* Resources */,
			);
			buildRules = (
			);
			dependencies = (
				1594D101239BE9980073CC84 /* PBXTargetDependency */,
			);
			name = "chirp-chirpTests";
			productName = "chirp-chirpTests";
			productReference = 1594D0FF239BE9980073CC84 /* chirp-chirpTests.xctest */;
			productType = "com.apple.product-type.bundle.unit-test";
		};
		1594D109239BE9980073CC84 /* chirp-chirpUITests */ = {
			isa = PBXNativeTarget;
			buildConfigurationList = 1594D119239BE9980073CC84 /* Build configuration list for PBXNativeTarget "chirp-chirpUITests" */;
			buildPhases = (
				1594D106239BE9980073CC84 /* Sources */,
				1594D107239BE9980073CC84 /* Frameworks */,
				1594D108239BE9980073CC84 /* Resources */,
			);
			buildRules = (
			);
			dependencies = (
				1594D10C239BE9980073CC84 /* PBXTargetDependency */,
			);
			name = "chirp-chirpUITests";
			productName = "chirp-chirpUITests";
			productReference = 1594D10A239BE9980073CC84 /* chirp-chirpUITests.xctest */;
			productType = "com.apple.product-type.bundle.ui-testing";
		};
/* End PBXNativeTarget section */

/* Begin PBXProject section */
		1594D0E1239BE9970073CC84 /* Project object */ = {
			isa = PBXProject;
			attributes = {
				LastSwiftUpdateCheck = 1120;
				LastUpgradeCheck = 1120;
				ORGANIZATIONNAME = "Suvineet Singh";
				TargetAttributes = {
					1594D0E8239BE9970073CC84 = {
						CreatedOnToolsVersion = 11.2.1;
					};
					1594D0FE239BE9980073CC84 = {
						CreatedOnToolsVersion = 11.2.1;
						TestTargetID = 1594D0E8239BE9970073CC84;
					};
					1594D109239BE9980073CC84 = {
						CreatedOnToolsVersion = 11.2.1;
						TestTargetID = 1594D0E8239BE9970073CC84;
					};
				};
			};
			buildConfigurationList = 1594D0E4239BE9970073CC84 /* Build configuration list for PBXProject "chirp-chirp" */;
			compatibilityVersion = "Xcode 9.3";
			developmentRegion = en;
			hasScannedForEncodings = 0;
			knownRegions = (
				en,
				Base,
			);
			mainGroup = 1594D0E0239BE9970073CC84;
			productRefGroup = 1594D0EA239BE9970073CC84 /* Products */;
			projectDirPath = "";
			projectRoot = "";
			targets = (
				1594D0E8239BE9970073CC84 /* chirp-chirp */,
				1594D0FE239BE9980073CC84 /* chirp-chirpTests */,
				1594D109239BE9980073CC84 /* chirp-chirpUITests */,
			);
		};
/* End PBXProject section */

/* Begin PBXResourcesBuildPhase section */
		1594D0E7239BE9970073CC84 /* Resources */ = {
			isa = PBXResourcesBuildPhase;
			buildActionMask = 2147483647;
			files = (
				1594D0F9239BE9970073CC84 /* LaunchScreen.storyboard in Resources */,
				1594D0F6239BE9970073CC84 /* Preview Assets.xcassets in Resources */,
				1594D0F3239BE9970073CC84 /* Assets.xcassets in Resources */,
			);
			runOnlyForDeploymentPostprocessing = 0;
		};
		1594D0FD239BE9980073CC84 /* Resources */ = {
			isa = PBXResourcesBuildPhase;
			buildActionMask = 2147483647;
			files = (
			);
			runOnlyForDeploymentPostprocessing = 0;
		};
		1594D108239BE9980073CC84 /* Resources */ = {
			isa = PBXResourcesBuildPhase;
			buildActionMask = 2147483647;
			files = (
			);
			runOnlyForDeploymentPostprocessing = 0;
		};
/* End PBXResourcesBuildPhase section */

/* Begin PBXShellScriptBuildPhase section */
		2A9D114A4C9C7DA7440F36E8 /* [CP] Embed Pods Frameworks */ = {
			isa = PBXShellScriptBuildPhase;
			buildActionMask = 2147483647;
			files = (
			);
			inputFileListPaths = (
				"${PODS_ROOT}/Target Support Files/Pods-chirp-chirp/Pods-chirp-chirp-frameworks-${CONFIGURATION}-input-files.xcfilelist",
			);
			name = "[CP] Embed Pods Frameworks";
			outputFileListPaths = (
				"${PODS_ROOT}/Target Support Files/Pods-chirp-chirp/Pods-chirp-chirp-frameworks-${CONFIGURATION}-output-files.xcfilelist",
			);
			runOnlyForDeploymentPostprocessing = 0;
			shellPath = /bin/sh;
			shellScript = "\"${PODS_ROOT}/Target Support Files/Pods-chirp-chirp/Pods-chirp-chirp-frameworks.sh\"\n";
			showEnvVarsInLog = 0;
		};
		9D7C678A5FC39A833BEA22EB /* [CP] Check Pods Manifest.lock */ = {
			isa = PBXShellScriptBuildPhase;
			buildActionMask = 2147483647;
			files = (
			);
			inputFileListPaths = (
			);
			inputPaths = (
				"${PODS_PODFILE_DIR_PATH}/Podfile.lock",
				"${PODS_ROOT}/Manifest.lock",
			);
			name = "[CP] Check Pods Manifest.lock";
			outputFileListPaths = (
			);
			outputPaths = (
				"$(DERIVED_FILE_DIR)/Pods-chirp-chirp-checkManifestLockResult.txt",
			);
			runOnlyForDeploymentPostprocessing = 0;
			shellPath = /bin/sh;
			shellScript = "diff \"${PODS_PODFILE_DIR_PATH}/Podfile.lock\" \"${PODS_ROOT}/Manifest.lock\" > /dev/null\nif [ $? != 0 ] ; then\n    # print error to STDERR\n    echo \"error: The sandbox is not in sync with the Podfile.lock. Run 'pod install' or update your CocoaPods installation.\" >&2\n    exit 1\nfi\n# This output is used by Xcode 'outputs' to avoid re-running this script phase.\necho \"SUCCESS\" > \"${SCRIPT_OUTPUT_FILE_0}\"\n";
			showEnvVarsInLog = 0;
		};
/* End PBXShellScriptBuildPhase section */

/* Begin PBXSourcesBuildPhase section */
		1594D0E5239BE9970073CC84 /* Sources */ = {
			isa = PBXSourcesBuildPhase;
			buildActionMask = 2147483647;
			files = (
				15DD990C23E4D05B00D5E717 /* RecordingListView.swift in Sources */,
				15DD990E23E4D33800D5E717 /* Extensions+Date.swift in Sources */,
				1594D0ED239BE9970073CC84 /* AppDelegate.swift in Sources */,
				15DD991223E4DD3B00D5E717 /* AudioPlayer.swift in Sources */,
				1594D0EF239BE9970073CC84 /* SceneDelegate.swift in Sources */,
				15DD990A23E4CCBC00D5E717 /* AudioRecorder.swift in Sources */,
				15DD991023E4D8C900D5E717 /* Recording.swift in Sources */,
				15F47DAD23F374F300807BFB /* APIService.swift in Sources */,
				1594D0F1239BE9970073CC84 /* ContentView.swift in Sources */,
			);
			runOnlyForDeploymentPostprocessing = 0;
		};
		1594D0FB239BE9980073CC84 /* Sources */ = {
			isa = PBXSourcesBuildPhase;
			buildActionMask = 2147483647;
			files = (
				1594D104239BE9980073CC84 /* chirp_chirpTests.swift in Sources */,
			);
			runOnlyForDeploymentPostprocessing = 0;
		};
		1594D106239BE9980073CC84 /* Sources */ = {
			isa = PBXSourcesBuildPhase;
			buildActionMask = 2147483647;
			files = (
				1594D10F239BE9980073CC84 /* chirp_chirpUITests.swift in Sources */,
			);
			runOnlyForDeploymentPostprocessing = 0;
		};
/* End PBXSourcesBuildPhase section */

/* Begin PBXTargetDependency section */
		1594D101239BE9980073CC84 /* PBXTargetDependency */ = {
			isa = PBXTargetDependency;
			target = 1594D0E8239BE9970073CC84 /* chirp-chirp */;
			targetProxy = 1594D100239BE9980073CC84 /* PBXContainerItemProxy */;
		};
		1594D10C239BE9980073CC84 /* PBXTargetDependency */ = {
			isa = PBXTargetDependency;
			target = 1594D0E8239BE9970073CC84 /* chirp-chirp */;
			targetProxy = 1594D10B239BE9980073CC84 /* PBXContainerItemProxy */;
		};
/* End PBXTargetDependency section */

/* Begin PBXVariantGroup section */
		1594D0F7239BE9970073CC84 /* LaunchScreen.storyboard */ = {
			isa = PBXVariantGroup;
			children = (
				1594D0F8239BE9970073CC84 /* Base */,
			);
			name = LaunchScreen.storyboard;
			sourceTree = "<group>";
		};
/* End PBXVariantGroup section */

/* Begin XCBuildConfiguration section */
		1594D111239BE9980073CC84 /* Debug */ = {
			isa = XCBuildConfiguration;
			buildSettings = {
				ALWAYS_SEARCH_USER_PATHS = NO;
				CLANG_ANALYZER_NONNULL = YES;
				CLANG_ANALYZER_NUMBER_OBJECT_CONVERSION = YES_AGGRESSIVE;
				CLANG_CXX_LANGUAGE_STANDARD = "gnu++14";
				CLANG_CXX_LIBRARY = "libc++";
				CLANG_ENABLE_MODULES = YES;
				CLANG_ENABLE_OBJC_ARC = YES;
				CLANG_ENABLE_OBJC_WEAK = YES;
				CLANG_WARN_BLOCK_CAPTURE_AUTORELEASING = YES;
				CLANG_WARN_BOOL_CONVERSION = YES;
				CLANG_WARN_COMMA = YES;
				CLANG_WARN_CONSTANT_CONVERSION = YES;
				CLANG_WARN_DEPRECATED_OBJC_IMPLEMENTATIONS = YES;
				CLANG_WARN_DIRECT_OBJC_ISA_USAGE = YES_ERROR;
				CLANG_WARN_DOCUMENTATION_COMMENTS = YES;
				CLANG_WARN_EMPTY_BODY = YES;
				CLANG_WARN_ENUM_CONVERSION = YES;
				CLANG_WARN_INFINITE_RECURSION = YES;
				CLANG_WARN_INT_CONVERSION = YES;
				CLANG_WARN_NON_LITERAL_NULL_CONVERSION = YES;
				CLANG_WARN_OBJC_IMPLICIT_RETAIN_SELF = YES;
				CLANG_WARN_OBJC_LITERAL_CONVERSION = YES;
				CLANG_WARN_OBJC_ROOT_CLASS = YES_ERROR;
				CLANG_WARN_RANGE_LOOP_ANALYSIS = YES;
				CLANG_WARN_STRICT_PROTOTYPES = YES;
				CLANG_WARN_SUSPICIOUS_MOVE = YES;
				CLANG_WARN_UNGUARDED_AVAILABILITY = YES_AGGRESSIVE;
				CLANG_WARN_UNREACHABLE_CODE = YES;
				CLANG_WARN__DUPLICATE_METHOD_MATCH = YES;
				COPY_PHASE_STRIP = NO;
				DEBUG_INFORMATION_FORMAT = dwarf;
				ENABLE_STRICT_OBJC_MSGSEND = YES;
				ENABLE_TESTABILITY = YES;
				GCC_C_LANGUAGE_STANDARD = gnu11;
				GCC_DYNAMIC_NO_PIC = NO;
				GCC_NO_COMMON_BLOCKS = YES;
				GCC_OPTIMIZATION_LEVEL = 0;
				GCC_PREPROCESSOR_DEFINITIONS = (
					"DEBUG=1",
					"$(inherited)",
				);
				GCC_WARN_64_TO_32_BIT_CONVERSION = YES;
				GCC_WARN_ABOUT_RETURN_TYPE = YES_ERROR;
				GCC_WARN_UNDECLARED_SELECTOR = YES;
				GCC_WARN_UNINITIALIZED_AUTOS = YES_AGGRESSIVE;
				GCC_WARN_UNUSED_FUNCTION = YES;
				GCC_WARN_UNUSED_VARIABLE = YES;
				IPHONEOS_DEPLOYMENT_TARGET = 13.2;
				MTL_ENABLE_DEBUG_INFO = INCLUDE_SOURCE;
				MTL_FAST_MATH = YES;
				ONLY_ACTIVE_ARCH = YES;
				SDKROOT = iphoneos;
				SWIFT_ACTIVE_COMPILATION_CONDITIONS = DEBUG;
				SWIFT_OPTIMIZATION_LEVEL = "-Onone";
			};
			name = Debug;
		};
		1594D112239BE9980073CC84 /* Release */ = {
			isa = XCBuildConfiguration;
			buildSettings = {
				ALWAYS_SEARCH_USER_PATHS = NO;
				CLANG_ANALYZER_NONNULL = YES;
				CLANG_ANALYZER_NUMBER_OBJECT_CONVERSION = YES_AGGRESSIVE;
				CLANG_CXX_LANGUAGE_STANDARD = "gnu++14";
				CLANG_CXX_LIBRARY = "libc++";
				CLANG_ENABLE_MODULES = YES;
				CLANG_ENABLE_OBJC_ARC = YES;
				CLANG_ENABLE_OBJC_WEAK = YES;
				CLANG_WARN_BLOCK_CAPTURE_AUTORELEASING = YES;
				CLANG_WARN_BOOL_CONVERSION = YES;
				CLANG_WARN_COMMA = YES;
				CLANG_WARN_CONSTANT_CONVERSION = YES;
				CLANG_WARN_DEPRECATED_OBJC_IMPLEMENTATIONS = YES;
				CLANG_WARN_DIRECT_OBJC_ISA_USAGE = YES_ERROR;
				CLANG_WARN_DOCUMENTATION_COMMENTS = YES;
				CLANG_WARN_EMPTY_BODY = YES;
				CLANG_WARN_ENUM_CONVERSION = YES;
				CLANG_WARN_INFINITE_RECURSION = YES;
				CLANG_WARN_INT_CONVERSION = YES;
				CLANG_WARN_NON_LITERAL_NULL_CONVERSION = YES;
				CLANG_WARN_OBJC_IMPLICIT_RETAIN_SELF = YES;
				CLANG_WARN_OBJC_LITERAL_CONVERSION = YES;
				CLANG_WARN_OBJC_ROOT_CLASS = YES_ERROR;
				CLANG_WARN_RANGE_LOOP_ANALYSIS = YES;
				CLANG_WARN_STRICT_PROTOTYPES = YES;
				CLANG_WARN_SUSPICIOUS_MOVE = YES;
				CLANG_WARN_UNGUARDED_AVAILABILITY = YES_AGGRESSIVE;
				CLANG_WARN_UNREACHABLE_CODE = YES;
				CLANG_WARN__DUPLICATE_METHOD_MATCH = YES;
				COPY_PHASE_STRIP = NO;
				DEBUG_INFORMATION_FORMAT = "dwarf-with-dsym";
				ENABLE_NS_ASSERTIONS = NO;
				ENABLE_STRICT_OBJC_MSGSEND = YES;
				GCC_C_LANGUAGE_STANDARD = gnu11;
				GCC_NO_COMMON_BLOCKS = YES;
				GCC_WARN_64_TO_32_BIT_CONVERSION = YES;
				GCC_WARN_ABOUT_RETURN_TYPE = YES_ERROR;
				GCC_WARN_UNDECLARED_SELECTOR = YES;
				GCC_WARN_UNINITIALIZED_AUTOS = YES_AGGRESSIVE;
				GCC_WARN_UNUSED_FUNCTION = YES;
				GCC_WARN_UNUSED_VARIABLE = YES;
				IPHONEOS_DEPLOYMENT_TARGET = 13.2;
				MTL_ENABLE_DEBUG_INFO = NO;
				MTL_FAST_MATH = YES;
				SDKROOT = iphoneos;
				SWIFT_COMPILATION_MODE = wholemodule;
				SWIFT_OPTIMIZATION_LEVEL = "-O";
				VALIDATE_PRODUCT = YES;
			};
			name = Release;
		};
		1594D114239BE9980073CC84 /* Debug */ = {
			isa = XCBuildConfiguration;
			baseConfigurationReference = 3F9D120157CC99EE6A7661E4 /* Pods-chirp-chirp.debug.xcconfig */;
			buildSettings = {
				ASSETCATALOG_COMPILER_APPICON_NAME = AppIcon;
				CODE_SIGN_STYLE = Automatic;
				DEVELOPMENT_ASSET_PATHS = "\"chirp-chirp/Preview Content\"";
				DEVELOPMENT_TEAM = RC84TVW7NF;
				ENABLE_PREVIEWS = YES;
				INFOPLIST_FILE = "chirp-chirp/Info.plist";
				IPHONEOS_DEPLOYMENT_TARGET = 13.0;
				LD_RUNPATH_SEARCH_PATHS = (
					"$(inherited)",
					"@executable_path/Frameworks",
				);
				PRODUCT_BUNDLE_IDENTIFIER = "com.suvi1301.chirp-chirp";
				PRODUCT_NAME = "$(TARGET_NAME)";
				SWIFT_VERSION = 5.0;
				TARGETED_DEVICE_FAMILY = "1,2";
			};
			name = Debug;
		};
		1594D115239BE9980073CC84 /* Release */ = {
			isa = XCBuildConfiguration;
			baseConfigurationReference = 48A8B6C707CF50F888DCD229 /* Pods-chirp-chirp.release.xcconfig */;
			buildSettings = {
				ASSETCATALOG_COMPILER_APPICON_NAME = AppIcon;
				CODE_SIGN_STYLE = Automatic;
				DEVELOPMENT_ASSET_PATHS = "\"chirp-chirp/Preview Content\"";
				DEVELOPMENT_TEAM = RC84TVW7NF;
				ENABLE_PREVIEWS = YES;
				INFOPLIST_FILE = "chirp-chirp/Info.plist";
				IPHONEOS_DEPLOYMENT_TARGET = 13.0;
				LD_RUNPATH_SEARCH_PATHS = (
					"$(inherited)",
					"@executable_path/Frameworks",
				);
				PRODUCT_BUNDLE_IDENTIFIER = "com.suvi1301.chirp-chirp";
				PRODUCT_NAME = "$(TARGET_NAME)";
				SWIFT_VERSION = 5.0;
				TARGETED_DEVICE_FAMILY = "1,2";
			};
			name = Release;
		};
		1594D117239BE9980073CC84 /* Debug */ = {
			isa = XCBuildConfiguration;
			buildSettings = {
				ALWAYS_EMBED_SWIFT_STANDARD_LIBRARIES = YES;
				BUNDLE_LOADER = "$(TEST_HOST)";
				CODE_SIGN_STYLE = Automatic;
				DEVELOPMENT_TEAM = RC84TVW7NF;
				INFOPLIST_FILE = "chirp-chirpTests/Info.plist";
				IPHONEOS_DEPLOYMENT_TARGET = 13.2;
				LD_RUNPATH_SEARCH_PATHS = (
					"$(inherited)",
					"@executable_path/Frameworks",
					"@loader_path/Frameworks",
				);
				PRODUCT_BUNDLE_IDENTIFIER = "com.suvi1301.chirp-chirpTests";
				PRODUCT_NAME = "$(TARGET_NAME)";
				SWIFT_VERSION = 5.0;
				TARGETED_DEVICE_FAMILY = "1,2";
				TEST_HOST = "$(BUILT_PRODUCTS_DIR)/chirp-chirp.app/chirp-chirp";
			};
			name = Debug;
		};
		1594D118239BE9980073CC84 /* Release */ = {
			isa = XCBuildConfiguration;
			buildSettings = {
				ALWAYS_EMBED_SWIFT_STANDARD_LIBRARIES = YES;
				BUNDLE_LOADER = "$(TEST_HOST)";
				CODE_SIGN_STYLE = Automatic;
				DEVELOPMENT_TEAM = RC84TVW7NF;
				INFOPLIST_FILE = "chirp-chirpTests/Info.plist";
				IPHONEOS_DEPLOYMENT_TARGET = 13.2;
				LD_RUNPATH_SEARCH_PATHS = (
					"$(inherited)",
					"@executable_path/Frameworks",
					"@loader_path/Frameworks",
				);
				PRODUCT_BUNDLE_IDENTIFIER = "com.suvi1301.chirp-chirpTests";
				PRODUCT_NAME = "$(TARGET_NAME)";
				SWIFT_VERSION = 5.0;
				TARGETED_DEVICE_FAMILY = "1,2";
				TEST_HOST = "$(BUILT_PRODUCTS_DIR)/chirp-chirp.app/chirp-chirp";
			};
			name = Release;
		};
		1594D11A239BE9980073CC84 /* Debug */ = {
			isa = XCBuildConfiguration;
			buildSettings = {
				ALWAYS_EMBED_SWIFT_STANDARD_LIBRARIES = YES;
				CODE_SIGN_STYLE = Automatic;
				DEVELOPMENT_TEAM = RC84TVW7NF;
				INFOPLIST_FILE = "chirp-chirpUITests/Info.plist";
				LD_RUNPATH_SEARCH_PATHS = (
					"$(inherited)",
					"@executable_path/Frameworks",
					"@loader_path/Frameworks",
				);
				PRODUCT_BUNDLE_IDENTIFIER = "com.suvi1301.chirp-chirpUITests";
				PRODUCT_NAME = "$(TARGET_NAME)";
				SWIFT_VERSION = 5.0;
				TARGETED_DEVICE_FAMILY = "1,2";
				TEST_TARGET_NAME = "chirp-chirp";
			};
			name = Debug;
		};
		1594D11B239BE9980073CC84 /* Release */ = {
			isa = XCBuildConfiguration;
			buildSettings = {
				ALWAYS_EMBED_SWIFT_STANDARD_LIBRARIES = YES;
				CODE_SIGN_STYLE = Automatic;
				DEVELOPMENT_TEAM = RC84TVW7NF;
				INFOPLIST_FILE = "chirp-chirpUITests/Info.plist";
				LD_RUNPATH_SEARCH_PATHS = (
					"$(inherited)",
					"@executable_path/Frameworks",
					"@loader_path/Frameworks",
				);
				PRODUCT_BUNDLE_IDENTIFIER = "com.suvi1301.chirp-chirpUITests";
				PRODUCT_NAME = "$(TARGET_NAME)";
				SWIFT_VERSION = 5.0;
				TARGETED_DEVICE_FAMILY = "1,2";
				TEST_TARGET_NAME = "chirp-chirp";
			};
			name = Release;
		};
/* End XCBuildConfiguration section */

/* Begin XCConfigurationList section */
		1594D0E4239BE9970073CC84 /* Build configuration list for PBXProject "chirp-chirp" */ = {
			isa = XCConfigurationList;
			buildConfigurations = (
				1594D111239BE9980073CC84 /* Debug */,
				1594D112239BE9980073CC84 /* Release */,
			);
			defaultConfigurationIsVisible = 0;
			defaultConfigurationName = Release;
		};
		1594D113239BE9980073CC84 /* Build configuration list for PBXNativeTarget "chirp-chirp" */ = {
			isa = XCConfigurationList;
			buildConfigurations = (
				1594D114239BE9980073CC84 /* Debug */,
				1594D115239BE9980073CC84 /* Release */,
			);
			defaultConfigurationIsVisible = 0;
			defaultConfigurationName = Release;
		};
		1594D116239BE9980073CC84 /* Build configuration list for PBXNativeTarget "chirp-chirpTests" */ = {
			isa = XCConfigurationList;
			buildConfigurations = (
				1594D117239BE9980073CC84 /* Debug */,
				1594D118239BE9980073CC84 /* Release */,
			);
			defaultConfigurationIsVisible = 0;
			defaultConfigurationName = Release;
		};
		1594D119239BE9980073CC84 /* Build configuration list for PBXNativeTarget "chirp-chirpUITests" */ = {
			isa = XCConfigurationList;
			buildConfigurations = (
				1594D11A239BE9980073CC84 /* Debug */,
				1594D11B239BE9980073CC84 /* Release */,
			);
			defaultConfigurationIsVisible = 0;
			defaultConfigurationName = Release;
		};
/* End XCConfigurationList section */
	};
	rootObject = 1594D0E1239BE9970073CC84 /* Project object */;
}
